
Microsoft Visual Studio Solution File, Format Version 12.00
# Visual Studio 15
VisualStudioVersion = 15.0.28307.960
MinimumVisualStudioVersion = 10.0.40219.1
Project("{FAE04EC0-301F-11D3-BF4B-00C04F79EFBC}") = "Senai.Peoples.WebApi", "Senai.Peoples.WebApi\Senai.Peoples.WebApi.csproj", "{8BF1FBBB-CA2C-49B3-8F8F-606D808A8C6B}"
EndProject
Global
	GlobalSection(SolutionConfigurationPlatforms) = preSolution
		Debug|Any CPU = Debug|Any CPU
		Release|Any CPU = Release|Any CPU
	EndGlobalSection
	GlobalSection(ProjectConfigurationPlatforms) = postSolution
		{8BF1FBBB-CA2C-49B3-8F8F-606D808A8C6B}.Debug|Any CPU.ActiveCfg = Debug|Any CPU
		{8BF1FBBB-CA2C-49B3-8F8F-606D808A8C6B}.Debug|Any CPU.Build.0 = Debug|Any CPU
		{8BF1FBBB-CA2C-49B3-8F8F-606D808A8C6B}.Release|Any CPU.ActiveCfg = Release|Any CPU
		{8BF1FBBB-CA2C-49B3-8F8F-606D808A8C6B}.Release|Any CPU.Build.0 = Release|Any CPU
	EndGlobalSection
	GlobalSection(SolutionProperties) = preSolution
		HideSolutionNode = FALSE
	EndGlobalSection
	GlobalSection(ExtensibilityGlobals) = postSolution
		SolutionGuid = {F038BBCF-129E-4E1F-904B-41505C1C181C}
	EndGlobalSection
EndGlobal
